// !$*UTF8*$!
{
	archiveVersion = 1;
	classes = {
	};
	objectVersion = 50;
	objects = {

/* Begin PBXBuildFile section */
		9D1AC9102175815B00E2DEC4 /* AppDelegate.swift in Sources */ = {isa = PBXBuildFile; fileRef = 9D1AC90F2175815B00E2DEC4 /* AppDelegate.swift */; };
		9D1AC9122175815B00E2DEC4 /* ViewController.swift in Sources */ = {isa = PBXBuildFile; fileRef = 9D1AC9112175815B00E2DEC4 /* ViewController.swift */; };
		9D1AC9152175815B00E2DEC4 /* Main.storyboard in Resources */ = {isa = PBXBuildFile; fileRef = 9D1AC9132175815B00E2DEC4 /* Main.storyboard */; };
		9D1AC9172175815C00E2DEC4 /* Assets.xcassets in Resources */ = {isa = PBXBuildFile; fileRef = 9D1AC9162175815C00E2DEC4 /* Assets.xcassets */; };
		9D1AC91A2175815C00E2DEC4 /* LaunchScreen.storyboard in Resources */ = {isa = PBXBuildFile; fileRef = 9D1AC9182175815C00E2DEC4 /* LaunchScreen.storyboard */; };
		9D1AC9252175815C00E2DEC4 /* SimpleCalc_iOSTests.swift in Sources */ = {isa = PBXBuildFile; fileRef = 9D1AC9242175815C00E2DEC4 /* SimpleCalc_iOSTests.swift */; };
		9D1AC9302175815C00E2DEC4 /* SimpleCalc_iOSUITests.swift in Sources */ = {isa = PBXBuildFile; fileRef = 9D1AC92F2175815C00E2DEC4 /* SimpleCalc_iOSUITests.swift */; };
/* End PBXBuildFile section */

/* Begin PBXContainerItemProxy section */
		9D1AC9212175815C00E2DEC4 /* PBXContainerItemProxy */ = {
			isa = PBXContainerItemProxy;
			containerPortal = 9D1AC9042175815B00E2DEC4 /* Project object */;
			proxyType = 1;
			remoteGlobalIDString = 9D1AC90B2175815B00E2DEC4;
			remoteInfo = "SimpleCalc-iOS";
		};
		9D1AC92C2175815C00E2DEC4 /* PBXContainerItemProxy */ = {
			isa = PBXContainerItemProxy;
			containerPortal = 9D1AC9042175815B00E2DEC4 /* Project object */;
			proxyType = 1;
			remoteGlobalIDString = 9D1AC90B2175815B00E2DEC4;
			remoteInfo = "SimpleCalc-iOS";
		};
/* End PBXContainerItemProxy section */

/* Begin PBXFileReference section */
		9D1AC90C2175815B00E2DEC4 /* SimpleCalc-iOS.app */ = {isa = PBXFileReference; explicitFileType = wrapper.application; includeInIndex = 0; path = "SimpleCalc-iOS.app"; sourceTree = BUILT_PRODUCTS_DIR; };
		9D1AC90F2175815B00E2DEC4 /* AppDelegate.swift */ = {isa = PBXFileReference; lastKnownFileType = sourcecode.swift; path = AppDelegate.swift; sourceTree = "<group>"; };
		9D1AC9112175815B00E2DEC4 /* ViewController.swift */ = {isa = PBXFileReference; lastKnownFileType = sourcecode.swift; path = ViewController.swift; sourceTree = "<group>"; };
		9D1AC9142175815B00E2DEC4 /* Base */ = {isa = PBXFileReference; lastKnownFileType = file.storyboard; name = Base; path = Base.lproj/Main.storyboard; sourceTree = "<group>"; };
		9D1AC9162175815C00E2DEC4 /* Assets.xcassets */ = {isa = PBXFileReference; lastKnownFileType = folder.assetcatalog; path = Assets.xcassets; sourceTree = "<group>"; };
		9D1AC9192175815C00E2DEC4 /* Base */ = {isa = PBXFileReference; lastKnownFileType = file.storyboard; name = Base; path = Base.lproj/LaunchScreen.storyboard; sourceTree = "<group>"; };
		9D1AC91B2175815C00E2DEC4 /* Info.plist */ = {isa = PBXFileReference; lastKnownFileType = text.plist.xml; path = Info.plist; sourceTree = "<group>"; };
		9D1AC9202175815C00E2DEC4 /* SimpleCalc-iOSTests.xctest */ = {isa = PBXFileReference; explicitFileType = wrapper.cfbundle; includeInIndex = 0; path = "SimpleCalc-iOSTests.xctest"; sourceTree = BUILT_PRODUCTS_DIR; };
		9D1AC9242175815C00E2DEC4 /* SimpleCalc_iOSTests.swift */ = {isa = PBXFileReference; lastKnownFileType = sourcecode.swift; path = SimpleCalc_iOSTests.swift; sourceTree = "<group>"; };
		9D1AC9262175815C00E2DEC4 /* Info.plist */ = {isa = PBXFileReference; lastKnownFileType = text.plist.xml; path = Info.plist; sourceTree = "<group>"; };
		9D1AC92B2175815C00E2DEC4 /* SimpleCalc-iOSUITests.xctest */ = {isa = PBXFileReference; explicitFileType = wrapper.cfbundle; includeInIndex = 0; path = "SimpleCalc-iOSUITests.xctest"; sourceTree = BUILT_PRODUCTS_DIR; };
		9D1AC92F2175815C00E2DEC4 /* SimpleCalc_iOSUITests.swift */ = {isa = PBXFileReference; lastKnownFileType = sourcecode.swift; path = SimpleCalc_iOSUITests.swift; sourceTree = "<group>"; };
		9D1AC9312175815C00E2DEC4 /* Info.plist */ = {isa = PBXFileReference; lastKnownFileType = text.plist.xml; path = Info.plist; sourceTree = "<group>"; };
/* End PBXFileReference section */

/* Begin PBXFrameworksBuildPhase section */
		9D1AC9092175815B00E2DEC4 /* Frameworks */ = {
			isa = PBXFrameworksBuildPhase;
			buildActionMask = 2147483647;
			files = (
			);
			runOnlyForDeploymentPostprocessing = 0;
		};
		9D1AC91D2175815C00E2DEC4 /* Frameworks */ = {
			isa = PBXFrameworksBuildPhase;
			buildActionMask = 2147483647;
			files = (
			);
			runOnlyForDeploymentPostprocessing = 0;
		};
		9D1AC9282175815C00E2DEC4 /* Frameworks */ = {
			isa = PBXFrameworksBuildPhase;
			buildActionMask = 2147483647;
			files = (
			);
			runOnlyForDeploymentPostprocessing = 0;
		};
/* End PBXFrameworksBuildPhase section */

/* Begin PBXGroup section */
		9D1AC9032175815B00E2DEC4 = {
			isa = PBXGroup;
			children = (
				9D1AC90E2175815B00E2DEC4 /* SimpleCalc-iOS */,
				9D1AC9232175815C00E2DEC4 /* SimpleCalc-iOSTests */,
				9D1AC92E2175815C00E2DEC4 /* SimpleCalc-iOSUITests */,
				9D1AC90D2175815B00E2DEC4 /* Products */,
			);
			sourceTree = "<group>";
		};
		9D1AC90D2175815B00E2DEC4 /* Products */ = {
			isa = PBXGroup;
			children = (
				9D1AC90C2175815B00E2DEC4 /* SimpleCalc-iOS.app */,
				9D1AC9202175815C00E2DEC4 /* SimpleCalc-iOSTests.xctest */,
				9D1AC92B2175815C00E2DEC4 /* SimpleCalc-iOSUITests.xctest */,
			);
			name = Products;
			sourceTree = "<group>";
		};
		9D1AC90E2175815B00E2DEC4 /* SimpleCalc-iOS */ = {
			isa = PBXGroup;
			children = (
				9D1AC90F2175815B00E2DEC4 /* AppDelegate.swift */,
				9D1AC9112175815B00E2DEC4 /* ViewController.swift */,
				9D1AC9132175815B00E2DEC4 /* Main.storyboard */,
				9D1AC9162175815C00E2DEC4 /* Assets.xcassets */,
				9D1AC9182175815C00E2DEC4 /* LaunchScreen.storyboard */,
				9D1AC91B2175815C00E2DEC4 /* Info.plist */,
			);
			path = "SimpleCalc-iOS";
			sourceTree = "<group>";
		};
		9D1AC9232175815C00E2DEC4 /* SimpleCalc-iOSTests */ = {
			isa = PBXGroup;
			children = (
				9D1AC9242175815C00E2DEC4 /* SimpleCalc_iOSTests.swift */,
				9D1AC9262175815C00E2DEC4 /* Info.plist */,
			);
			path = "SimpleCalc-iOSTests";
			sourceTree = "<group>";
		};
		9D1AC92E2175815C00E2DEC4 /* SimpleCalc-iOSUITests */ = {
			isa = PBXGroup;
			children = (
				9D1AC92F2175815C00E2DEC4 /* SimpleCalc_iOSUITests.swift */,
				9D1AC9312175815C00E2DEC4 /* Info.plist */,
			);
			path = "SimpleCalc-iOSUITests";
			sourceTree = "<group>";
		};
/* End PBXGroup section */

/* Begin PBXNativeTarget section */
		9D1AC90B2175815B00E2DEC4 /* SimpleCalc-iOS */ = {
			isa = PBXNativeTarget;
			buildConfigurationList = 9D1AC9342175815C00E2DEC4 /* Build configuration list for PBXNativeTarget "SimpleCalc-iOS" */;
			buildPhases = (
				9D1AC9082175815B00E2DEC4 /* Sources */,
				9D1AC9092175815B00E2DEC4 /* Frameworks */,
				9D1AC90A2175815B00E2DEC4 /* Resources */,
			);
			buildRules = (
			);
			dependencies = (
			);
			name = "SimpleCalc-iOS";
			productName = "SimpleCalc-iOS";
			productReference = 9D1AC90C2175815B00E2DEC4 /* SimpleCalc-iOS.app */;
			productType = "com.apple.product-type.application";
		};
		9D1AC91F2175815C00E2DEC4 /* SimpleCalc-iOSTests */ = {
			isa = PBXNativeTarget;
			buildConfigurationList = 9D1AC9372175815C00E2DEC4 /* Build configuration list for PBXNativeTarget "SimpleCalc-iOSTests" */;
			buildPhases = (
				9D1AC91C2175815C00E2DEC4 /* Sources */,
				9D1AC91D2175815C00E2DEC4 /* Frameworks */,
				9D1AC91E2175815C00E2DEC4 /* Resources */,
			);
			buildRules = (
			);
			dependencies = (
				9D1AC9222175815C00E2DEC4 /* PBXTargetDependency */,
			);
			name = "SimpleCalc-iOSTests";
			productName = "SimpleCalc-iOSTests";
			productReference = 9D1AC9202175815C00E2DEC4 /* SimpleCalc-iOSTests.xctest */;
			productType = "com.apple.product-type.bundle.unit-test";
		};
		9D1AC92A2175815C00E2DEC4 /* SimpleCalc-iOSUITests */ = {
			isa = PBXNativeTarget;
			buildConfigurationList = 9D1AC93A2175815C00E2DEC4 /* Build configuration list for PBXNativeTarget "SimpleCalc-iOSUITests" */;
			buildPhases = (
				9D1AC9272175815C00E2DEC4 /* Sources */,
				9D1AC9282175815C00E2DEC4 /* Frameworks */,
				9D1AC9292175815C00E2DEC4 /* Resources */,
			);
			buildRules = (
			);
			dependencies = (
				9D1AC92D2175815C00E2DEC4 /* PBXTargetDependency */,
			);
			name = "SimpleCalc-iOSUITests";
			productName = "SimpleCalc-iOSUITests";
			productReference = 9D1AC92B2175815C00E2DEC4 /* SimpleCalc-iOSUITests.xctest */;
			productType = "com.apple.product-type.bundle.ui-testing";
		};
/* End PBXNativeTarget section */

/* Begin PBXProject section */
		9D1AC9042175815B00E2DEC4 /* Project object */ = {
			isa = PBXProject;
			attributes = {
				LastSwiftUpdateCheck = 1000;
				LastUpgradeCheck = 1000;
				ORGANIZATIONNAME = "Jake Jin";
				TargetAttributes = {
					9D1AC90B2175815B00E2DEC4 = {
						CreatedOnToolsVersion = 10.0;
					};
					9D1AC91F2175815C00E2DEC4 = {
						CreatedOnToolsVersion = 10.0;
						TestTargetID = 9D1AC90B2175815B00E2DEC4;
					};
					9D1AC92A2175815C00E2DEC4 = {
						CreatedOnToolsVersion = 10.0;
						TestTargetID = 9D1AC90B2175815B00E2DEC4;
					};
				};
			};
			buildConfigurationList = 9D1AC9072175815B00E2DEC4 /* Build configuration list for PBXProject "SimpleCalc-iOS" */;
			compatibilityVersion = "Xcode 9.3";
			developmentRegion = en;
			hasScannedForEncodings = 0;
			knownRegions = (
				en,
				Base,
			);
			mainGroup = 9D1AC9032175815B00E2DEC4;
			productRefGroup = 9D1AC90D2175815B00E2DEC4 /* Products */;
			projectDirPath = "";
			projectRoot = "";
			targets = (
				9D1AC90B2175815B00E2DEC4 /* SimpleCalc-iOS */,
				9D1AC91F2175815C00E2DEC4 /* SimpleCalc-iOSTests */,
				9D1AC92A2175815C00E2DEC4 /* SimpleCalc-iOSUITests */,
			);
		};
/* End PBXProject section */

/* Begin PBXResourcesBuildPhase section */
		9D1AC90A2175815B00E2DEC4 /* Resources */ = {
			isa = PBXResourcesBuildPhase;
			buildActionMask = 2147483647;
			files = (
				9D1AC91A2175815C00E2DEC4 /* LaunchScreen.storyboard in Resources */,
				9D1AC9172175815C00E2DEC4 /* Assets.xcassets in Resources */,
				9D1AC9152175815B00E2DEC4 /* Main.storyboard in Resources */,
			);
			runOnlyForDeploymentPostprocessing = 0;
		};
		9D1AC91E2175815C00E2DEC4 /* Resources */ = {
			isa = PBXResourcesBuildPhase;
			buildActionMask = 2147483647;
			files = (
			);
			runOnlyForDeploymentPostprocessing = 0;
		};
		9D1AC9292175815C00E2DEC4 /* Resources */ = {
			isa = PBXResourcesBuildPhase;
			buildActionMask = 2147483647;
			files = (
			);
			runOnlyForDeploymentPostprocessing = 0;
		};
/* End PBXResourcesBuildPhase section */

/* Begin PBXSourcesBuildPhase section */
		9D1AC9082175815B00E2DEC4 /* Sources */ = {
			isa = PBXSourcesBuildPhase;
			buildActionMask = 2147483647;
			files = (
				9D1AC9122175815B00E2DEC4 /* ViewController.swift in Sources */,
				9D1AC9102175815B00E2DEC4 /* AppDelegate.swift in Sources */,
			);
			runOnlyForDeploymentPostprocessing = 0;
		};
		9D1AC91C2175815C00E2DEC4 /* Sources */ = {
			isa = PBXSourcesBuildPhase;
			buildActionMask = 2147483647;
			files = (
				9D1AC9252175815C00E2DEC4 /* SimpleCalc_iOSTests.swift in Sources */,
			);
			runOnlyForDeploymentPostprocessing = 0;
		};
		9D1AC9272175815C00E2DEC4 /* Sources */ = {
			isa = PBXSourcesBuildPhase;
			buildActionMask = 2147483647;
			files = (
				9D1AC9302175815C00E2DEC4 /* SimpleCalc_iOSUITests.swift in Sources */,
			);
			runOnlyForDeploymentPostprocessing = 0;
		};
/* End PBXSourcesBuildPhase section */

/* Begin PBXTargetDependency section */
		9D1AC9222175815C00E2DEC4 /* PBXTargetDependency */ = {
			isa = PBXTargetDependency;
			target = 9D1AC90B2175815B00E2DEC4 /* SimpleCalc-iOS */;
			targetProxy = 9D1AC9212175815C00E2DEC4 /* PBXContainerItemProxy */;
		};
		9D1AC92D2175815C00E2DEC4 /* PBXTargetDependency */ = {
			isa = PBXTargetDependency;
			target = 9D1AC90B2175815B00E2DEC4 /* SimpleCalc-iOS */;
			targetProxy = 9D1AC92C2175815C00E2DEC4 /* PBXContainerItemProxy */;
		};
/* End PBXTargetDependency section */

/* Begin PBXVariantGroup section */
		9D1AC9132175815B00E2DEC4 /* Main.storyboard */ = {
			isa = PBXVariantGroup;
			children = (
				9D1AC9142175815B00E2DEC4 /* Base */,
			);
			name = Main.storyboard;
			sourceTree = "<group>";
		};
		9D1AC9182175815C00E2DEC4 /* LaunchScreen.storyboard */ = {
			isa = PBXVariantGroup;
			children = (
				9D1AC9192175815C00E2DEC4 /* Base */,
			);
			name = LaunchScreen.storyboard;
			sourceTree = "<group>";
		};
/* End PBXVariantGroup section */

/* Begin XCBuildConfiguration section */
		9D1AC9322175815C00E2DEC4 /* Debug */ = {
			isa = XCBuildConfiguration;
			buildSettings = {
				ALWAYS_SEARCH_USER_PATHS = NO;
				CLANG_ANALYZER_NONNULL = YES;
				CLANG_ANALYZER_NUMBER_OBJECT_CONVERSION = YES_AGGRESSIVE;
				CLANG_CXX_LANGUAGE_STANDARD = "gnu++14";
				CLANG_CXX_LIBRARY = "libc++";
				CLANG_ENABLE_MODULES = YES;
				CLANG_ENABLE_OBJC_ARC = YES;
				CLANG_ENABLE_OBJC_WEAK = YES;
				CLANG_WARN_BLOCK_CAPTURE_AUTORELEASING = YES;
				CLANG_WARN_BOOL_CONVERSION = YES;
				CLANG_WARN_COMMA = YES;
				CLANG_WARN_CONSTANT_CONVERSION = YES;
				CLANG_WARN_DEPRECATED_OBJC_IMPLEMENTATIONS = YES;
				CLANG_WARN_DIRECT_OBJC_ISA_USAGE = YES_ERROR;
				CLANG_WARN_DOCUMENTATION_COMMENTS = YES;
				CLANG_WARN_EMPTY_BODY = YES;
				CLANG_WARN_ENUM_CONVERSION = YES;
				CLANG_WARN_INFINITE_RECURSION = YES;
				CLANG_WARN_INT_CONVERSION = YES;
				CLANG_WARN_NON_LITERAL_NULL_CONVERSION = YES;
				CLANG_WARN_OBJC_IMPLICIT_RETAIN_SELF = YES;
				CLANG_WARN_OBJC_LITERAL_CONVERSION = YES;
				CLANG_WARN_OBJC_ROOT_CLASS = YES_ERROR;
				CLANG_WARN_RANGE_LOOP_ANALYSIS = YES;
				CLANG_WARN_STRICT_PROTOTYPES = YES;
				CLANG_WARN_SUSPICIOUS_MOVE = YES;
				CLANG_WARN_UNGUARDED_AVAILABILITY = YES_AGGRESSIVE;
				CLANG_WARN_UNREACHABLE_CODE = YES;
				CLANG_WARN__DUPLICATE_METHOD_MATCH = YES;
				CODE_SIGN_IDENTITY = "iPhone Developer";
				COPY_PHASE_STRIP = NO;
				DEBUG_INFORMATION_FORMAT = dwarf;
				ENABLE_STRICT_OBJC_MSGSEND = YES;
				ENABLE_TESTABILITY = YES;
				GCC_C_LANGUAGE_STANDARD = gnu11;
				GCC_DYNAMIC_NO_PIC = NO;
				GCC_NO_COMMON_BLOCKS = YES;
				GCC_OPTIMIZATION_LEVEL = 0;
				GCC_PREPROCESSOR_DEFINITIONS = (
					"DEBUG=1",
					"$(inherited)",
				);
				GCC_WARN_64_TO_32_BIT_CONVERSION = YES;
				GCC_WARN_ABOUT_RETURN_TYPE = YES_ERROR;
				GCC_WARN_UNDECLARED_SELECTOR = YES;
				GCC_WARN_UNINITIALIZED_AUTOS = YES_AGGRESSIVE;
				GCC_WARN_UNUSED_FUNCTION = YES;
				GCC_WARN_UNUSED_VARIABLE = YES;
				IPHONEOS_DEPLOYMENT_TARGET = 12.0;
				MTL_ENABLE_DEBUG_INFO = INCLUDE_SOURCE;
				MTL_FAST_MATH = YES;
				ONLY_ACTIVE_ARCH = YES;
				SDKROOT = iphoneos;
				SWIFT_ACTIVE_COMPILATION_CONDITIONS = DEBUG;
				SWIFT_OPTIMIZATION_LEVEL = "-Onone";
			};
			name = Debug;
		};
		9D1AC9332175815C00E2DEC4 /* Release */ = {
			isa = XCBuildConfiguration;
			buildSettings = {
				ALWAYS_SEARCH_USER_PATHS = NO;
				CLANG_ANALYZER_NONNULL = YES;
				CLANG_ANALYZER_NUMBER_OBJECT_CONVERSION = YES_AGGRESSIVE;
				CLANG_CXX_LANGUAGE_STANDARD = "gnu++14";
				CLANG_CXX_LIBRARY = "libc++";
				CLANG_ENABLE_MODULES = YES;
				CLANG_ENABLE_OBJC_ARC = YES;
				CLANG_ENABLE_OBJC_WEAK = YES;
				CLANG_WARN_BLOCK_CAPTURE_AUTORELEASING = YES;
				CLANG_WARN_BOOL_CONVERSION = YES;
				CLANG_WARN_COMMA = YES;
				CLANG_WARN_CONSTANT_CONVERSION = YES;
				CLANG_WARN_DEPRECATED_OBJC_IMPLEMENTATIONS = YES;
				CLANG_WARN_DIRECT_OBJC_ISA_USAGE = YES_ERROR;
				CLANG_WARN_DOCUMENTATION_COMMENTS = YES;
				CLANG_WARN_EMPTY_BODY = YES;
				CLANG_WARN_ENUM_CONVERSION = YES;
				CLANG_WARN_INFINITE_RECURSION = YES;
				CLANG_WARN_INT_CONVERSION = YES;
				CLANG_WARN_NON_LITERAL_NULL_CONVERSION = YES;
				CLANG_WARN_OBJC_IMPLICIT_RETAIN_SELF = YES;
				CLANG_WARN_OBJC_LITERAL_CONVERSION = YES;
				CLANG_WARN_OBJC_ROOT_CLASS = YES_ERROR;
				CLANG_WARN_RANGE_LOOP_ANALYSIS = YES;
				CLANG_WARN_STRICT_PROTOTYPES = YES;
				CLANG_WARN_SUSPICIOUS_MOVE = YES;
				CLANG_WARN_UNGUARDED_AVAILABILITY = YES_AGGRESSIVE;
				CLANG_WARN_UNREACHABLE_CODE = YES;
				CLANG_WARN__DUPLICATE_METHOD_MATCH = YES;
				CODE_SIGN_IDENTITY = "iPhone Developer";
				COPY_PHASE_STRIP = NO;
				DEBUG_INFORMATION_FORMAT = "dwarf-with-dsym";
				ENABLE_NS_ASSERTIONS = NO;
				ENABLE_STRICT_OBJC_MSGSEND = YES;
				GCC_C_LANGUAGE_STANDARD = gnu11;
				GCC_NO_COMMON_BLOCKS = YES;
				GCC_WARN_64_TO_32_BIT_CONVERSION = YES;
				GCC_WARN_ABOUT_RETURN_TYPE = YES_ERROR;
				GCC_WARN_UNDECLARED_SELECTOR = YES;
				GCC_WARN_UNINITIALIZED_AUTOS = YES_AGGRESSIVE;
				GCC_WARN_UNUSED_FUNCTION = YES;
				GCC_WARN_UNUSED_VARIABLE = YES;
				IPHONEOS_DEPLOYMENT_TARGET = 12.0;
				MTL_ENABLE_DEBUG_INFO = NO;
				MTL_FAST_MATH = YES;
				SDKROOT = iphoneos;
				SWIFT_COMPILATION_MODE = wholemodule;
				SWIFT_OPTIMIZATION_LEVEL = "-O";
				VALIDATE_PRODUCT = YES;
			};
			name = Release;
		};
		9D1AC9352175815C00E2DEC4 /* Debug */ = {
			isa = XCBuildConfiguration;
			buildSettings = {
				ASSETCATALOG_COMPILER_APPICON_NAME = AppIcon;
				CODE_SIGN_STYLE = Automatic;
				DEVELOPMENT_TEAM = DDMJCCSGM5;
				INFOPLIST_FILE = "SimpleCalc-iOS/Info.plist";
				IPHONEOS_DEPLOYMENT_TARGET = 10.3;
				LD_RUNPATH_SEARCH_PATHS = (
					"$(inherited)",
					"@executable_path/Frameworks",
				);
				PRODUCT_BUNDLE_IDENTIFIER = "uwgin.uw.edu.SimpleCalc-iOS";
				PRODUCT_NAME = "$(TARGET_NAME)";
				SWIFT_VERSION = 4.0;
				TARGETED_DEVICE_FAMILY = "1,2";
			};
			name = Debug;
		};
		9D1AC9362175815C00E2DEC4 /* Release */ = {
			isa = XCBuildConfiguration;
			buildSettings = {
				ASSETCATALOG_COMPILER_APPICON_NAME = AppIcon;
				CODE_SIGN_STYLE = Automatic;
				DEVELOPMENT_TEAM = DDMJCCSGM5;
				INFOPLIST_FILE = "SimpleCalc-iOS/Info.plist";
				IPHONEOS_DEPLOYMENT_TARGET = 10.3;
				LD_RUNPATH_SEARCH_PATHS = (
					"$(inherited)",
					"@executable_path/Frameworks",
				);
				PRODUCT_BUNDLE_IDENTIFIER = "uwgin.uw.edu.SimpleCalc-iOS";
				PRODUCT_NAME = "$(TARGET_NAME)";
				SWIFT_VERSION = 4.0;
				TARGETED_DEVICE_FAMILY = "1,2";
			};
			name = Release;
		};
		9D1AC9382175815C00E2DEC4 /* Debug */ = {
			isa = XCBuildConfiguration;
			buildSettings = {
				ALWAYS_EMBED_SWIFT_STANDARD_LIBRARIES = YES;
				BUNDLE_LOADER = "$(TEST_HOST)";
				CODE_SIGN_STYLE = Automatic;
				INFOPLIST_FILE = "SimpleCalc-iOSTests/Info.plist";
				LD_RUNPATH_SEARCH_PATHS = (
					"$(inherited)",
					"@executable_path/Frameworks",
					"@loader_path/Frameworks",
				);
				PRODUCT_BUNDLE_IDENTIFIER = "uwgin.uw.edu.SimpleCalc-iOSTests";
				PRODUCT_NAME = "$(TARGET_NAME)";
				SWIFT_VERSION = 4.2;
				TARGETED_DEVICE_FAMILY = "1,2";
				TEST_HOST = "$(BUILT_PRODUCTS_DIR)/SimpleCalc-iOS.app/SimpleCalc-iOS";
			};
			name = Debug;
		};
		9D1AC9392175815C00E2DEC4 /* Release */ = {
			isa = XCBuildConfiguration;
			buildSettings = {
				ALWAYS_EMBED_SWIFT_STANDARD_LIBRARIES = YES;
				BUNDLE_LOADER = "$(TEST_HOST)";
				CODE_SIGN_STYLE = Automatic;
				INFOPLIST_FILE = "SimpleCalc-iOSTests/Info.plist";
				LD_RUNPATH_SEARCH_PATHS = (
					"$(inherited)",
					"@executable_path/Frameworks",
					"@loader_path/Frameworks",
				);
				PRODUCT_BUNDLE_IDENTIFIER = "uwgin.uw.edu.SimpleCalc-iOSTests";
				PRODUCT_NAME = "$(TARGET_NAME)";
				SWIFT_VERSION = 4.2;
				TARGETED_DEVICE_FAMILY = "1,2";
				TEST_HOST = "$(BUILT_PRODUCTS_DIR)/SimpleCalc-iOS.app/SimpleCalc-iOS";
			};
			name = Release;
		};
		9D1AC93B2175815C00E2DEC4 /* Debug */ = {
			isa = XCBuildConfiguration;
			buildSettings = {
				ALWAYS_EMBED_SWIFT_STANDARD_LIBRARIES = YES;
				CODE_SIGN_STYLE = Automatic;
				INFOPLIST_FILE = "SimpleCalc-iOSUITests/Info.plist";
				LD_RUNPATH_SEARCH_PATHS = (
					"$(inherited)",
					"@executable_path/Frameworks",
					"@loader_path/Frameworks",
				);
				PRODUCT_BUNDLE_IDENTIFIER = "uwgin.uw.edu.SimpleCalc-iOSUITests";
				PRODUCT_NAME = "$(TARGET_NAME)";
				SWIFT_VERSION = 4.2;
				TARGETED_DEVICE_FAMILY = "1,2";
				TEST_TARGET_NAME = "SimpleCalc-iOS";
			};
			name = Debug;
		};
		9D1AC93C2175815C00E2DEC4 /* Release */ = {
			isa = XCBuildConfiguration;
			buildSettings = {
				ALWAYS_EMBED_SWIFT_STANDARD_LIBRARIES = YES;
				CODE_SIGN_STYLE = Automatic;
				INFOPLIST_FILE = "SimpleCalc-iOSUITests/Info.plist";
				LD_RUNPATH_SEARCH_PATHS = (
					"$(inherited)",
					"@executable_path/Frameworks",
					"@loader_path/Frameworks",
				);
				PRODUCT_BUNDLE_IDENTIFIER = "uwgin.uw.edu.SimpleCalc-iOSUITests";
				PRODUCT_NAME = "$(TARGET_NAME)";
				SWIFT_VERSION = 4.2;
				TARGETED_DEVICE_FAMILY = "1,2";
				TEST_TARGET_NAME = "SimpleCalc-iOS";
			};
			name = Release;
		};
/* End XCBuildConfiguration section */

/* Begin XCConfigurationList section */
		9D1AC9072175815B00E2DEC4 /* Build configuration list for PBXProject "SimpleCalc-iOS" */ = {
			isa = XCConfigurationList;
			buildConfigurations = (
				9D1AC9322175815C00E2DEC4 /* Debug */,
				9D1AC9332175815C00E2DEC4 /* Release */,
			);
			defaultConfigurationIsVisible = 0;
			defaultConfigurationName = Release;
		};
		9D1AC9342175815C00E2DEC4 /* Build configuration list for PBXNativeTarget "SimpleCalc-iOS" */ = {
			isa = XCConfigurationList;
			buildConfigurations = (
				9D1AC9352175815C00E2DEC4 /* Debug */,
				9D1AC9362175815C00E2DEC4 /* Release */,
			);
			defaultConfigurationIsVisible = 0;
			defaultConfigurationName = Release;
		};
		9D1AC9372175815C00E2DEC4 /* Build configuration list for PBXNativeTarget "SimpleCalc-iOSTests" */ = {
			isa = XCConfigurationList;
			buildConfigurations = (
				9D1AC9382175815C00E2DEC4 /* Debug */,
				9D1AC9392175815C00E2DEC4 /* Release */,
			);
			defaultConfigurationIsVisible = 0;
			defaultConfigurationName = Release;
		};
		9D1AC93A2175815C00E2DEC4 /* Build configuration list for PBXNativeTarget "SimpleCalc-iOSUITests" */ = {
			isa = XCConfigurationList;
			buildConfigurations = (
				9D1AC93B2175815C00E2DEC4 /* Debug */,
				9D1AC93C2175815C00E2DEC4 /* Release */,
			);
			defaultConfigurationIsVisible = 0;
			defaultConfigurationName = Release;
		};
/* End XCConfigurationList section */
	};
	rootObject = 9D1AC9042175815B00E2DEC4 /* Project object */;
}
